
Microsoft Visual Studio Solution File, Format Version 12.00
# Visual Studio Version 17
VisualStudioVersion = 17.8.34511.84
MinimumVisualStudioVersion = 10.0.40219.1
Project("{9A19103F-16F7-4668-BE54-9A1E7A4F7556}") = "AbsenceService.DAL", "AbsenceService.DAL\AbsenceService.DAL.csproj", "{3B0D0186-67CA-40AB-B9D9-3AB0AB7697C5}"
EndProject
Project("{9A19103F-16F7-4668-BE54-9A1E7A4F7556}") = "AbsencesService.Domain", "AbsencesService.Domain\AbsencesService.Domain.csproj", "{DC51BF9D-BEE2-494A-B6A1-241309F2D74D}"
EndProject
Project("{9A19103F-16F7-4668-BE54-9A1E7A4F7556}") = "AbsenceService.BLL", "AbsenceService.BLL\AbsenceService.BLL.csproj", "{5844BFF8-ADD7-433D-99D5-D9A43D9346FD}"
EndProject
Project("{FAE04EC0-301F-11D3-BF4B-00C04F79EFBC}") = "AbsenceService.Web", "AbsenceService.Web\AbsenceService.Web.csproj", "{9943ECF4-7C1E-4E46-885E-356A8FBE13C9}"
EndProject
Global
	GlobalSection(SolutionConfigurationPlatforms) = preSolution
		Debug|Any CPU = Debug|Any CPU
		Release|Any CPU = Release|Any CPU
	EndGlobalSection
	GlobalSection(ProjectConfigurationPlatforms) = postSolution
		{3B0D0186-67CA-40AB-B9D9-3AB0AB7697C5}.Debug|Any CPU.ActiveCfg = Debug|Any CPU
		{3B0D0186-67CA-40AB-B9D9-3AB0AB7697C5}.Debug|Any CPU.Build.0 = Debug|Any CPU
		{3B0D0186-67CA-40AB-B9D9-3AB0AB7697C5}.Release|Any CPU.ActiveCfg = Release|Any CPU
		{3B0D0186-67CA-40AB-B9D9-3AB0AB7697C5}.Release|Any CPU.Build.0 = Release|Any CPU
		{DC51BF9D-BEE2-494A-B6A1-241309F2D74D}.Debug|Any CPU.ActiveCfg = Debug|Any CPU
		{DC51BF9D-BEE2-494A-B6A1-241309F2D74D}.Debug|Any CPU.Build.0 = Debug|Any CPU
		{DC51BF9D-BEE2-494A-B6A1-241309F2D74D}.Release|Any CPU.ActiveCfg = Release|Any CPU
		{DC51BF9D-BEE2-494A-B6A1-241309F2D74D}.Release|Any CPU.Build.0 = Release|Any CPU
		{5844BFF8-ADD7-433D-99D5-D9A43D9346FD}.Debug|Any CPU.ActiveCfg = Debug|Any CPU
		{5844BFF8-ADD7-433D-99D5-D9A43D9346FD}.Debug|Any CPU.Build.0 = Debug|Any CPU
		{5844BFF8-ADD7-433D-99D5-D9A43D9346FD}.Release|Any CPU.ActiveCfg = Release|Any CPU
		{5844BFF8-ADD7-433D-99D5-D9A43D9346FD}.Release|Any CPU.Build.0 = Release|Any CPU
		{9943ECF4-7C1E-4E46-885E-356A8FBE13C9}.Debug|Any CPU.ActiveCfg = Debug|Any CPU
		{9943ECF4-7C1E-4E46-885E-356A8FBE13C9}.Debug|Any CPU.Build.0 = Debug|Any CPU
		{9943ECF4-7C1E-4E46-885E-356A8FBE13C9}.Release|Any CPU.ActiveCfg = Release|Any CPU
		{9943ECF4-7C1E-4E46-885E-356A8FBE13C9}.Release|Any CPU.Build.0 = Release|Any CPU
	EndGlobalSection
	GlobalSection(SolutionProperties) = preSolution
		HideSolutionNode = FALSE
	EndGlobalSection
	GlobalSection(ExtensibilityGlobals) = postSolution
		SolutionGuid = {BCDA3AF0-A64E-4383-828E-D702CE3D285D}
	EndGlobalSection
EndGlobal
